
Microsoft Visual Studio Solution File, Format Version 12.00
# Visual Studio Version 16
VisualStudioVersion = 16.0.31702.278
MinimumVisualStudioVersion = 10.0.40219.1
Project("{FAE04EC0-301F-11D3-BF4B-00C04F79EFBC}") = "Storage3D", "Storage3D\Storage3D.csproj", "{79F3F5A0-85FC-48B1-8156-CFB16ACD1DDA}"
EndProject
Global
	GlobalSection(SolutionConfigurationPlatforms) = preSolution
		Debug|Any CPU = Debug|Any CPU
		Release|Any CPU = Release|Any CPU
	EndGlobalSection
	GlobalSection(ProjectConfigurationPlatforms) = postSolution
		{79F3F5A0-85FC-48B1-8156-CFB16ACD1DDA}.Debug|Any CPU.ActiveCfg = Debug|Any CPU
		{79F3F5A0-85FC-48B1-8156-CFB16ACD1DDA}.Debug|Any CPU.Build.0 = Debug|Any CPU
		{79F3F5A0-85FC-48B1-8156-CFB16ACD1DDA}.Release|Any CPU.ActiveCfg = Release|Any CPU
		{79F3F5A0-85FC-48B1-8156-CFB16ACD1DDA}.Release|Any CPU.Build.0 = Release|Any CPU
	EndGlobalSection
	GlobalSection(SolutionProperties) = preSolution
		HideSolutionNode = FALSE
	EndGlobalSection
	GlobalSection(ExtensibilityGlobals) = postSolution
		SolutionGuid = {343A577A-B255-40A2-B8A4-40FFE54EFDE8}
	EndGlobalSection
EndGlobal
